
Microsoft Visual Studio Solution File, Format Version 12.00
# Visual Studio Version 17
VisualStudioVersion = 17.0.31919.166
MinimumVisualStudioVersion = 10.0.40219.1
Project("{9A19103F-16F7-4668-BE54-9A1E7A4F7556}") = "OptiTrajet.Populate", "OptiTrajet.Populate\OptiTrajet.Populate.csproj", "{A211CF53-AA2D-42AF-9EF1-A25CF8D5B368}"
EndProject
Project("{9A19103F-16F7-4668-BE54-9A1E7A4F7556}") = "OptiTrajet", "OptiTrajet\OptiTrajet.csproj", "{8649042E-8359-429C-96A1-E934DBDA6777}"
EndProject
Global
	GlobalSection(SolutionConfigurationPlatforms) = preSolution
		Debug|Any CPU = Debug|Any CPU
		Release|Any CPU = Release|Any CPU
	EndGlobalSection
	GlobalSection(ProjectConfigurationPlatforms) = postSolution
		{A211CF53-AA2D-42AF-9EF1-A25CF8D5B368}.Debug|Any CPU.ActiveCfg = Debug|Any CPU
		{A211CF53-AA2D-42AF-9EF1-A25CF8D5B368}.Debug|Any CPU.Build.0 = Debug|Any CPU
		{A211CF53-AA2D-42AF-9EF1-A25CF8D5B368}.Release|Any CPU.ActiveCfg = Release|Any CPU
		{A211CF53-AA2D-42AF-9EF1-A25CF8D5B368}.Release|Any CPU.Build.0 = Release|Any CPU
		{8649042E-8359-429C-96A1-E934DBDA6777}.Debug|Any CPU.ActiveCfg = Debug|Any CPU
		{8649042E-8359-429C-96A1-E934DBDA6777}.Debug|Any CPU.Build.0 = Debug|Any CPU
		{8649042E-8359-429C-96A1-E934DBDA6777}.Release|Any CPU.ActiveCfg = Release|Any CPU
		{8649042E-8359-429C-96A1-E934DBDA6777}.Release|Any CPU.Build.0 = Release|Any CPU
	EndGlobalSection
	GlobalSection(SolutionProperties) = preSolution
		HideSolutionNode = FALSE
	EndGlobalSection
	GlobalSection(ExtensibilityGlobals) = postSolution
		SolutionGuid = {90C6E797-F8D5-45EB-91F1-2063E8743578}
	EndGlobalSection
EndGlobal
